
Microsoft Visual Studio Solution File, Format Version 12.00
# Visual Studio 15
VisualStudioVersion = 15.0.26430.12
MinimumVisualStudioVersion = 10.0.40219.1
Project("{FAE04EC0-301F-11D3-BF4B-00C04F79EFBC}") = "azure-github-ci-cd", "azure-github-ci-cd\azure-github-ci-cd.csproj", "{D9B2A057-63F5-4179-A307-ADBD65DBC7CF}"
EndProject
Project("{FAE04EC0-301F-11D3-BF4B-00C04F79EFBC}") = "azure-github-ci-cd.Tests", "azure-github-ci-cd.Tests\azure-github-ci-cd.Tests.csproj", "{193D93B6-63A2-44E2-A561-495875375BF7}"
EndProject
Global
	GlobalSection(SolutionConfigurationPlatforms) = preSolution
		Debug|Any CPU = Debug|Any CPU
		Release|Any CPU = Release|Any CPU
	EndGlobalSection
	GlobalSection(ProjectConfigurationPlatforms) = postSolution
		{D9B2A057-63F5-4179-A307-ADBD65DBC7CF}.Debug|Any CPU.ActiveCfg = Debug|Any CPU
		{D9B2A057-63F5-4179-A307-ADBD65DBC7CF}.Debug|Any CPU.Build.0 = Debug|Any CPU
		{D9B2A057-63F5-4179-A307-ADBD65DBC7CF}.Release|Any CPU.ActiveCfg = Release|Any CPU
		{D9B2A057-63F5-4179-A307-ADBD65DBC7CF}.Release|Any CPU.Build.0 = Release|Any CPU
		{193D93B6-63A2-44E2-A561-495875375BF7}.Debug|Any CPU.ActiveCfg = Debug|Any CPU
		{193D93B6-63A2-44E2-A561-495875375BF7}.Debug|Any CPU.Build.0 = Debug|Any CPU
		{193D93B6-63A2-44E2-A561-495875375BF7}.Release|Any CPU.ActiveCfg = Release|Any CPU
		{193D93B6-63A2-44E2-A561-495875375BF7}.Release|Any CPU.Build.0 = Release|Any CPU
	EndGlobalSection
	GlobalSection(SolutionProperties) = preSolution
		HideSolutionNode = FALSE
	EndGlobalSection
EndGlobal
